// !$*UTF8*$!
{
	archiveVersion = 1;
	classes = {
	};
	objectVersion = 56;
	objects = {

/* Begin PBXBuildFile section */
		8C8BECCD2A97CC3B008E6BB7 /* qrcodeApp.swift in Sources */ = {isa = PBXBuildFile; fileRef = 8C8BECCC2A97CC3B008E6BB7 /* qrcodeApp.swift */; };
		8C8BECCF2A97CC3B008E6BB7 /* ContentView.swift in Sources */ = {isa = PBXBuildFile; fileRef = 8C8BECCE2A97CC3B008E6BB7 /* ContentView.swift */; };
		8C8BECD12A97CC3C008E6BB7 /* Assets.xcassets in Resources */ = {isa = PBXBuildFile; fileRef = 8C8BECD02A97CC3C008E6BB7 /* Assets.xcassets */; };
		8C8BECD42A97CC3C008E6BB7 /* Preview Assets.xcassets in Resources */ = {isa = PBXBuildFile; fileRef = 8C8BECD32A97CC3C008E6BB7 /* Preview Assets.xcassets */; };
		8C8BECEB2A97D8BC008E6BB7 /* MovieContainer.xcdatamodeld in Sources */ = {isa = PBXBuildFile; fileRef = 8C8BECE92A97D8BC008E6BB7 /* MovieContainer.xcdatamodeld */; };
		8CDCCC492A97E6CC00D5C08C /* ScannerView.swift in Sources */ = {isa = PBXBuildFile; fileRef = 8CDCCC482A97E6CC00D5C08C /* ScannerView.swift */; };
		8CDCCC4B2A97ED4000D5C08C /* CameraView.swift in Sources */ = {isa = PBXBuildFile; fileRef = 8CDCCC4A2A97ED4000D5C08C /* CameraView.swift */; };
		8CDCCC4E2A97F0A900D5C08C /* Permission.swift in Sources */ = {isa = PBXBuildFile; fileRef = 8CDCCC4D2A97F0A900D5C08C /* Permission.swift */; };
		8CDCCC522A97F65E00D5C08C /* QRScannerDelegate.swift in Sources */ = {isa = PBXBuildFile; fileRef = 8CDCCC512A97F65E00D5C08C /* QRScannerDelegate.swift */; };
		8CDCCC552A98021900D5C08C /* Extensions+View.swift in Sources */ = {isa = PBXBuildFile; fileRef = 8CDCCC542A98021900D5C08C /* Extensions+View.swift */; };
		8CDCCC5C2A9815C300D5C08C /* MovieInfoView.swift in Sources */ = {isa = PBXBuildFile; fileRef = 8CDCCC5B2A9815C300D5C08C /* MovieInfoView.swift */; };
		8CDCCC5E2A9815FC00D5C08C /* MovieModel.swift in Sources */ = {isa = PBXBuildFile; fileRef = 8CDCCC5D2A9815FC00D5C08C /* MovieModel.swift */; };
		8CDCCC622A981EEC00D5C08C /* CardView.swift in Sources */ = {isa = PBXBuildFile; fileRef = 8CDCCC612A981EEC00D5C08C /* CardView.swift */; };
		8CDCCC642A98204600D5C08C /* JSONViewModel.swift in Sources */ = {isa = PBXBuildFile; fileRef = 8CDCCC632A98204600D5C08C /* JSONViewModel.swift */; };
/* End PBXBuildFile section */

/* Begin PBXFileReference section */
		8C8BECC92A97CC3B008E6BB7 /* qrcode.app */ = {isa = PBXFileReference; explicitFileType = wrapper.application; includeInIndex = 0; path = qrcode.app; sourceTree = BUILT_PRODUCTS_DIR; };
		8C8BECCC2A97CC3B008E6BB7 /* qrcodeApp.swift */ = {isa = PBXFileReference; lastKnownFileType = sourcecode.swift; path = qrcodeApp.swift; sourceTree = "<group>"; };
		8C8BECCE2A97CC3B008E6BB7 /* ContentView.swift */ = {isa = PBXFileReference; lastKnownFileType = sourcecode.swift; path = ContentView.swift; sourceTree = "<group>"; };
		8C8BECD02A97CC3C008E6BB7 /* Assets.xcassets */ = {isa = PBXFileReference; lastKnownFileType = folder.assetcatalog; path = Assets.xcassets; sourceTree = "<group>"; };
		8C8BECD32A97CC3C008E6BB7 /* Preview Assets.xcassets */ = {isa = PBXFileReference; lastKnownFileType = folder.assetcatalog; path = "Preview Assets.xcassets"; sourceTree = "<group>"; };
		8C8BECD52A97CC3C008E6BB7 /* qrcode.entitlements */ = {isa = PBXFileReference; lastKnownFileType = text.plist.entitlements; path = qrcode.entitlements; sourceTree = "<group>"; };
		8C8BECE62A97D681008E6BB7 /* Info.plist */ = {isa = PBXFileReference; lastKnownFileType = text.plist; path = Info.plist; sourceTree = "<group>"; };
		8C8BECEA2A97D8BC008E6BB7 /* MovieContainer.xcdatamodel */ = {isa = PBXFileReference; lastKnownFileType = wrapper.xcdatamodel; path = MovieContainer.xcdatamodel; sourceTree = "<group>"; };
		8CDCCC482A97E6CC00D5C08C /* ScannerView.swift */ = {isa = PBXFileReference; lastKnownFileType = sourcecode.swift; path = ScannerView.swift; sourceTree = "<group>"; };
		8CDCCC4A2A97ED4000D5C08C /* CameraView.swift */ = {isa = PBXFileReference; lastKnownFileType = sourcecode.swift; path = CameraView.swift; sourceTree = "<group>"; };
		8CDCCC4D2A97F0A900D5C08C /* Permission.swift */ = {isa = PBXFileReference; lastKnownFileType = sourcecode.swift; path = Permission.swift; sourceTree = "<group>"; };
		8CDCCC512A97F65E00D5C08C /* QRScannerDelegate.swift */ = {isa = PBXFileReference; lastKnownFileType = sourcecode.swift; path = QRScannerDelegate.swift; sourceTree = "<group>"; };
		8CDCCC542A98021900D5C08C /* Extensions+View.swift */ = {isa = PBXFileReference; lastKnownFileType = sourcecode.swift; path = "Extensions+View.swift"; sourceTree = "<group>"; };
		8CDCCC5B2A9815C300D5C08C /* MovieInfoView.swift */ = {isa = PBXFileReference; lastKnownFileType = sourcecode.swift; path = MovieInfoView.swift; sourceTree = "<group>"; };
		8CDCCC5D2A9815FC00D5C08C /* MovieModel.swift */ = {isa = PBXFileReference; lastKnownFileType = sourcecode.swift; path = MovieModel.swift; sourceTree = "<group>"; };
		8CDCCC612A981EEC00D5C08C /* CardView.swift */ = {isa = PBXFileReference; lastKnownFileType = sourcecode.swift; path = CardView.swift; sourceTree = "<group>"; };
		8CDCCC632A98204600D5C08C /* JSONViewModel.swift */ = {isa = PBXFileReference; lastKnownFileType = sourcecode.swift; path = JSONViewModel.swift; sourceTree = "<group>"; };
/* End PBXFileReference section */

/* Begin PBXFrameworksBuildPhase section */
		8C8BECC62A97CC3B008E6BB7 /* Frameworks */ = {
			isa = PBXFrameworksBuildPhase;
			buildActionMask = 2147483647;
			files = (
			);
			runOnlyForDeploymentPostprocessing = 0;
		};
/* End PBXFrameworksBuildPhase section */

/* Begin PBXGroup section */
		8C8BECC02A97CC3B008E6BB7 = {
			isa = PBXGroup;
			children = (
				8C8BECCB2A97CC3B008E6BB7 /* qrcode */,
				8C8BECCA2A97CC3B008E6BB7 /* Products */,
			);
			sourceTree = "<group>";
		};
		8C8BECCA2A97CC3B008E6BB7 /* Products */ = {
			isa = PBXGroup;
			children = (
				8C8BECC92A97CC3B008E6BB7 /* qrcode.app */,
			);
			name = Products;
			sourceTree = "<group>";
		};
		8C8BECCB2A97CC3B008E6BB7 /* qrcode */ = {
			isa = PBXGroup;
			children = (
				8CDCCC582A98158600D5C08C /* ViewModel */,
				8C8BECCC2A97CC3B008E6BB7 /* qrcodeApp.swift */,
				8C8BECCE2A97CC3B008E6BB7 /* ContentView.swift */,
				8CDCCC4C2A97F08300D5C08C /* Model */,
				8CDCCC472A97E6A900D5C08C /* Views */,
				8CDCCC532A9801FC00D5C08C /* Helpers */,
				8C8BECE62A97D681008E6BB7 /* Info.plist */,
				8C8BECE92A97D8BC008E6BB7 /* MovieContainer.xcdatamodeld */,
				8C8BECD02A97CC3C008E6BB7 /* Assets.xcassets */,
				8C8BECD52A97CC3C008E6BB7 /* qrcode.entitlements */,
				8C8BECD22A97CC3C008E6BB7 /* Preview Content */,
			);
			path = qrcode;
			sourceTree = "<group>";
		};
		8C8BECD22A97CC3C008E6BB7 /* Preview Content */ = {
			isa = PBXGroup;
			children = (
				8C8BECD32A97CC3C008E6BB7 /* Preview Assets.xcassets */,
			);
			path = "Preview Content";
			sourceTree = "<group>";
		};
		8CDCCC472A97E6A900D5C08C /* Views */ = {
			isa = PBXGroup;
			children = (
				8CDCCC482A97E6CC00D5C08C /* ScannerView.swift */,
				8CDCCC4A2A97ED4000D5C08C /* CameraView.swift */,
				8CDCCC5B2A9815C300D5C08C /* MovieInfoView.swift */,
				8CDCCC612A981EEC00D5C08C /* CardView.swift */,
			);
			path = Views;
			sourceTree = "<group>";
		};
		8CDCCC4C2A97F08300D5C08C /* Model */ = {
			isa = PBXGroup;
			children = (
				8CDCCC4D2A97F0A900D5C08C /* Permission.swift */,
				8CDCCC512A97F65E00D5C08C /* QRScannerDelegate.swift */,
				8CDCCC5D2A9815FC00D5C08C /* MovieModel.swift */,
			);
			path = Model;
			sourceTree = "<group>";
		};
		8CDCCC532A9801FC00D5C08C /* Helpers */ = {
			isa = PBXGroup;
			children = (
				8CDCCC542A98021900D5C08C /* Extensions+View.swift */,
			);
			path = Helpers;
			sourceTree = "<group>";
		};
		8CDCCC582A98158600D5C08C /* ViewModel */ = {
			isa = PBXGroup;
			children = (
				8CDCCC632A98204600D5C08C /* JSONViewModel.swift */,
			);
			path = ViewModel;
			sourceTree = "<group>";
		};
/* End PBXGroup section */

/* Begin PBXNativeTarget section */
		8C8BECC82A97CC3B008E6BB7 /* qrcode */ = {
			isa = PBXNativeTarget;
			buildConfigurationList = 8C8BECD82A97CC3C008E6BB7 /* Build configuration list for PBXNativeTarget "qrcode" */;
			buildPhases = (
				8C8BECC52A97CC3B008E6BB7 /* Sources */,
				8C8BECC62A97CC3B008E6BB7 /* Frameworks */,
				8C8BECC72A97CC3B008E6BB7 /* Resources */,
			);
			buildRules = (
			);
			dependencies = (
			);
			name = qrcode;
			productName = qrcode;
			productReference = 8C8BECC92A97CC3B008E6BB7 /* qrcode.app */;
			productType = "com.apple.product-type.application";
		};
/* End PBXNativeTarget section */

/* Begin PBXProject section */
		8C8BECC12A97CC3B008E6BB7 /* Project object */ = {
			isa = PBXProject;
			attributes = {
				BuildIndependentTargetsInParallel = 1;
				LastSwiftUpdateCheck = 1430;
				LastUpgradeCheck = 1430;
				TargetAttributes = {
					8C8BECC82A97CC3B008E6BB7 = {
						CreatedOnToolsVersion = 14.3.1;
					};
				};
			};
			buildConfigurationList = 8C8BECC42A97CC3B008E6BB7 /* Build configuration list for PBXProject "qrcode" */;
			compatibilityVersion = "Xcode 14.0";
			developmentRegion = en;
			hasScannedForEncodings = 0;
			knownRegions = (
				en,
				Base,
			);
			mainGroup = 8C8BECC02A97CC3B008E6BB7;
			productRefGroup = 8C8BECCA2A97CC3B008E6BB7 /* Products */;
			projectDirPath = "";
			projectRoot = "";
			targets = (
				8C8BECC82A97CC3B008E6BB7 /* qrcode */,
			);
		};
/* End PBXProject section */

/* Begin PBXResourcesBuildPhase section */
		8C8BECC72A97CC3B008E6BB7 /* Resources */ = {
			isa = PBXResourcesBuildPhase;
			buildActionMask = 2147483647;
			files = (
				8C8BECD42A97CC3C008E6BB7 /* Preview Assets.xcassets in Resources */,
				8C8BECD12A97CC3C008E6BB7 /* Assets.xcassets in Resources */,
			);
			runOnlyForDeploymentPostprocessing = 0;
		};
/* End PBXResourcesBuildPhase section */

/* Begin PBXSourcesBuildPhase section */
		8C8BECC52A97CC3B008E6BB7 /* Sources */ = {
			isa = PBXSourcesBuildPhase;
			buildActionMask = 2147483647;
			files = (
				8C8BECCF2A97CC3B008E6BB7 /* ContentView.swift in Sources */,
				8CDCCC4E2A97F0A900D5C08C /* Permission.swift in Sources */,
				8CDCCC5E2A9815FC00D5C08C /* MovieModel.swift in Sources */,
				8C8BECCD2A97CC3B008E6BB7 /* qrcodeApp.swift in Sources */,
				8CDCCC4B2A97ED4000D5C08C /* CameraView.swift in Sources */,
				8CDCCC522A97F65E00D5C08C /* QRScannerDelegate.swift in Sources */,
				8C8BECEB2A97D8BC008E6BB7 /* MovieContainer.xcdatamodeld in Sources */,
				8CDCCC5C2A9815C300D5C08C /* MovieInfoView.swift in Sources */,
				8CDCCC642A98204600D5C08C /* JSONViewModel.swift in Sources */,
				8CDCCC552A98021900D5C08C /* Extensions+View.swift in Sources */,
				8CDCCC622A981EEC00D5C08C /* CardView.swift in Sources */,
				8CDCCC492A97E6CC00D5C08C /* ScannerView.swift in Sources */,
			);
			runOnlyForDeploymentPostprocessing = 0;
		};
/* End PBXSourcesBuildPhase section */

/* Begin XCBuildConfiguration section */
		8C8BECD62A97CC3C008E6BB7 /* Debug */ = {
			isa = XCBuildConfiguration;
			buildSettings = {
				ALWAYS_SEARCH_USER_PATHS = NO;
				CLANG_ANALYZER_NONNULL = YES;
				CLANG_ANALYZER_NUMBER_OBJECT_CONVERSION = YES_AGGRESSIVE;
				CLANG_CXX_LANGUAGE_STANDARD = "gnu++20";
				CLANG_ENABLE_MODULES = YES;
				CLANG_ENABLE_OBJC_ARC = YES;
				CLANG_ENABLE_OBJC_WEAK = YES;
				CLANG_WARN_BLOCK_CAPTURE_AUTORELEASING = YES;
				CLANG_WARN_BOOL_CONVERSION = YES;
				CLANG_WARN_COMMA = YES;
				CLANG_WARN_CONSTANT_CONVERSION = YES;
				CLANG_WARN_DEPRECATED_OBJC_IMPLEMENTATIONS = YES;
				CLANG_WARN_DIRECT_OBJC_ISA_USAGE = YES_ERROR;
				CLANG_WARN_DOCUMENTATION_COMMENTS = YES;
				CLANG_WARN_EMPTY_BODY = YES;
				CLANG_WARN_ENUM_CONVERSION = YES;
				CLANG_WARN_INFINITE_RECURSION = YES;
				CLANG_WARN_INT_CONVERSION = YES;
				CLANG_WARN_NON_LITERAL_NULL_CONVERSION = YES;
				CLANG_WARN_OBJC_IMPLICIT_RETAIN_SELF = YES;
				CLANG_WARN_OBJC_LITERAL_CONVERSION = YES;
				CLANG_WARN_OBJC_ROOT_CLASS = YES_ERROR;
				CLANG_WARN_QUOTED_INCLUDE_IN_FRAMEWORK_HEADER = YES;
				CLANG_WARN_RANGE_LOOP_ANALYSIS = YES;
				CLANG_WARN_STRICT_PROTOTYPES = YES;
				CLANG_WARN_SUSPICIOUS_MOVE = YES;
				CLANG_WARN_UNGUARDED_AVAILABILITY = YES_AGGRESSIVE;
				CLANG_WARN_UNREACHABLE_CODE = YES;
				CLANG_WARN__DUPLICATE_METHOD_MATCH = YES;
				COPY_PHASE_STRIP = NO;
				DEBUG_INFORMATION_FORMAT = dwarf;
				ENABLE_STRICT_OBJC_MSGSEND = YES;
				ENABLE_TESTABILITY = YES;
				GCC_C_LANGUAGE_STANDARD = gnu11;
				GCC_DYNAMIC_NO_PIC = NO;
				GCC_NO_COMMON_BLOCKS = YES;
				GCC_OPTIMIZATION_LEVEL = 0;
				GCC_PREPROCESSOR_DEFINITIONS = (
					"DEBUG=1",
					"$(inherited)",
				);
				GCC_WARN_64_TO_32_BIT_CONVERSION = YES;
				GCC_WARN_ABOUT_RETURN_TYPE = YES_ERROR;
				GCC_WARN_UNDECLARED_SELECTOR = YES;
				GCC_WARN_UNINITIALIZED_AUTOS = YES_AGGRESSIVE;
				GCC_WARN_UNUSED_FUNCTION = YES;
				GCC_WARN_UNUSED_VARIABLE = YES;
				MACOSX_DEPLOYMENT_TARGET = 13.3;
				MTL_ENABLE_DEBUG_INFO = INCLUDE_SOURCE;
				MTL_FAST_MATH = YES;
				ONLY_ACTIVE_ARCH = YES;
				SDKROOT = macosx;
				SWIFT_ACTIVE_COMPILATION_CONDITIONS = DEBUG;
				SWIFT_OPTIMIZATION_LEVEL = "-Onone";
			};
			name = Debug;
		};
		8C8BECD72A97CC3C008E6BB7 /* Release */ = {
			isa = XCBuildConfiguration;
			buildSettings = {
				ALWAYS_SEARCH_USER_PATHS = NO;
				CLANG_ANALYZER_NONNULL = YES;
				CLANG_ANALYZER_NUMBER_OBJECT_CONVERSION = YES_AGGRESSIVE;
				CLANG_CXX_LANGUAGE_STANDARD = "gnu++20";
				CLANG_ENABLE_MODULES = YES;
				CLANG_ENABLE_OBJC_ARC = YES;
				CLANG_ENABLE_OBJC_WEAK = YES;
				CLANG_WARN_BLOCK_CAPTURE_AUTORELEASING = YES;
				CLANG_WARN_BOOL_CONVERSION = YES;
				CLANG_WARN_COMMA = YES;
				CLANG_WARN_CONSTANT_CONVERSION = YES;
				CLANG_WARN_DEPRECATED_OBJC_IMPLEMENTATIONS = YES;
				CLANG_WARN_DIRECT_OBJC_ISA_USAGE = YES_ERROR;
				CLANG_WARN_DOCUMENTATION_COMMENTS = YES;
				CLANG_WARN_EMPTY_BODY = YES;
				CLANG_WARN_ENUM_CONVERSION = YES;
				CLANG_WARN_INFINITE_RECURSION = YES;
				CLANG_WARN_INT_CONVERSION = YES;
				CLANG_WARN_NON_LITERAL_NULL_CONVERSION = YES;
				CLANG_WARN_OBJC_IMPLICIT_RETAIN_SELF = YES;
				CLANG_WARN_OBJC_LITERAL_CONVERSION = YES;
				CLANG_WARN_OBJC_ROOT_CLASS = YES_ERROR;
				CLANG_WARN_QUOTED_INCLUDE_IN_FRAMEWORK_HEADER = YES;
				CLANG_WARN_RANGE_LOOP_ANALYSIS = YES;
				CLANG_WARN_STRICT_PROTOTYPES = YES;
				CLANG_WARN_SUSPICIOUS_MOVE = YES;
				CLANG_WARN_UNGUARDED_AVAILABILITY = YES_AGGRESSIVE;
				CLANG_WARN_UNREACHABLE_CODE = YES;
				CLANG_WARN__DUPLICATE_METHOD_MATCH = YES;
				COPY_PHASE_STRIP = NO;
				DEBUG_INFORMATION_FORMAT = "dwarf-with-dsym";
				ENABLE_NS_ASSERTIONS = NO;
				ENABLE_STRICT_OBJC_MSGSEND = YES;
				GCC_C_LANGUAGE_STANDARD = gnu11;
				GCC_NO_COMMON_BLOCKS = YES;
				GCC_WARN_64_TO_32_BIT_CONVERSION = YES;
				GCC_WARN_ABOUT_RETURN_TYPE = YES_ERROR;
				GCC_WARN_UNDECLARED_SELECTOR = YES;
				GCC_WARN_UNINITIALIZED_AUTOS = YES_AGGRESSIVE;
				GCC_WARN_UNUSED_FUNCTION = YES;
				GCC_WARN_UNUSED_VARIABLE = YES;
				MACOSX_DEPLOYMENT_TARGET = 13.3;
				MTL_ENABLE_DEBUG_INFO = NO;
				MTL_FAST_MATH = YES;
				SDKROOT = macosx;
				SWIFT_COMPILATION_MODE = wholemodule;
				SWIFT_OPTIMIZATION_LEVEL = "-O";
			};
			name = Release;
		};
		8C8BECD92A97CC3C008E6BB7 /* Debug */ = {
			isa = XCBuildConfiguration;
			buildSettings = {
				ASSETCATALOG_COMPILER_APPICON_NAME = AppIcon;
				ASSETCATALOG_COMPILER_GLOBAL_ACCENT_COLOR_NAME = AccentColor;
				CODE_SIGN_ENTITLEMENTS = qrcode/qrcode.entitlements;
				CODE_SIGN_STYLE = Automatic;
				COMBINE_HIDPI_IMAGES = YES;
				CURRENT_PROJECT_VERSION = 1;
				DEVELOPMENT_ASSET_PATHS = "\"qrcode/Preview Content\"";
				DEVELOPMENT_TEAM = 325A4B7NVW;
				ENABLE_HARDENED_RUNTIME = YES;
				ENABLE_PREVIEWS = YES;
				GENERATE_INFOPLIST_FILE = YES;
				INFOPLIST_FILE = qrcode/Info.plist;
				INFOPLIST_KEY_NSCameraUsageDescription = "";
				INFOPLIST_KEY_NSHumanReadableCopyright = "";
				LD_RUNPATH_SEARCH_PATHS = (
					"$(inherited)",
					"@executable_path/../Frameworks",
				);
				MARKETING_VERSION = 1.0;
				PRODUCT_BUNDLE_IDENTIFIER = debbieyuen.qrcode;
				PRODUCT_NAME = "$(TARGET_NAME)";
				SUPPORTED_PLATFORMS = "iphoneos iphonesimulator macosx";
				SUPPORTS_MACCATALYST = NO;
				SUPPORTS_MAC_DESIGNED_FOR_IPHONE_IPAD = NO;
				SWIFT_EMIT_LOC_STRINGS = YES;
				SWIFT_VERSION = 5.0;
				TARGETED_DEVICE_FAMILY = 1;
			};
			name = Debug;
		};
		8C8BECDA2A97CC3C008E6BB7 /* Release */ = {
			isa = XCBuildConfiguration;
			buildSettings = {
				ASSETCATALOG_COMPILER_APPICON_NAME = AppIcon;
				ASSETCATALOG_COMPILER_GLOBAL_ACCENT_COLOR_NAME = AccentColor;
				CODE_SIGN_ENTITLEMENTS = qrcode/qrcode.entitlements;
				CODE_SIGN_STYLE = Automatic;
				COMBINE_HIDPI_IMAGES = YES;
				CURRENT_PROJECT_VERSION = 1;
				DEVELOPMENT_ASSET_PATHS = "\"qrcode/Preview Content\"";
				DEVELOPMENT_TEAM = 325A4B7NVW;
				ENABLE_HARDENED_RUNTIME = YES;
				ENABLE_PREVIEWS = YES;
				GENERATE_INFOPLIST_FILE = YES;
				INFOPLIST_FILE = qrcode/Info.plist;
				INFOPLIST_KEY_NSCameraUsageDescription = "";
				INFOPLIST_KEY_NSHumanReadableCopyright = "";
				LD_RUNPATH_SEARCH_PATHS = (
					"$(inherited)",
					"@executable_path/../Frameworks",
				);
				MARKETING_VERSION = 1.0;
				PRODUCT_BUNDLE_IDENTIFIER = debbieyuen.qrcode;
				PRODUCT_NAME = "$(TARGET_NAME)";
				SUPPORTED_PLATFORMS = "iphoneos iphonesimulator macosx";
				SUPPORTS_MACCATALYST = NO;
				SUPPORTS_MAC_DESIGNED_FOR_IPHONE_IPAD = NO;
				SWIFT_EMIT_LOC_STRINGS = YES;
				SWIFT_VERSION = 5.0;
				TARGETED_DEVICE_FAMILY = 1;
			};
			name = Release;
		};
/* End XCBuildConfiguration section */

/* Begin XCConfigurationList section */
		8C8BECC42A97CC3B008E6BB7 /* Build configuration list for PBXProject "qrcode" */ = {
			isa = XCConfigurationList;
			buildConfigurations = (
				8C8BECD62A97CC3C008E6BB7 /* Debug */,
				8C8BECD72A97CC3C008E6BB7 /* Release */,
			);
			defaultConfigurationIsVisible = 0;
			defaultConfigurationName = Release;
		};
		8C8BECD82A97CC3C008E6BB7 /* Build configuration list for PBXNativeTarget "qrcode" */ = {
			isa = XCConfigurationList;
			buildConfigurations = (
				8C8BECD92A97CC3C008E6BB7 /* Debug */,
				8C8BECDA2A97CC3C008E6BB7 /* Release */,
			);
			defaultConfigurationIsVisible = 0;
			defaultConfigurationName = Release;
		};
/* End XCConfigurationList section */

/* Begin XCVersionGroup section */
		8C8BECE92A97D8BC008E6BB7 /* MovieContainer.xcdatamodeld */ = {
			isa = XCVersionGroup;
			children = (
				8C8BECEA2A97D8BC008E6BB7 /* MovieContainer.xcdatamodel */,
			);
			currentVersion = 8C8BECEA2A97D8BC008E6BB7 /* MovieContainer.xcdatamodel */;
			path = MovieContainer.xcdatamodeld;
			sourceTree = "<group>";
			versionGroupType = wrapper.xcdatamodel;
		};
/* End XCVersionGroup section */
	};
	rootObject = 8C8BECC12A97CC3B008E6BB7 /* Project object */;
}
